
Microsoft Visual Studio Solution File, Format Version 12.00
# Visual Studio 15
Project("{FAE04EC0-301F-11D3-BF4B-00C04F79EFBC}") = "SeikyoNotifier", "SeikyoNotifier\SeikyoNotifier.csproj", "{46A10D2C-00E0-4E40-BA06-07A4D648886C}"
EndProject
Global
	GlobalSection(SolutionConfigurationPlatforms) = preSolution
		Debug|Any CPU = Debug|Any CPU
		Release|Any CPU = Release|Any CPU
	EndGlobalSection
	GlobalSection(ProjectConfigurationPlatforms) = postSolution
		{46A10D2C-00E0-4E40-BA06-07A4D648886C}.Debug|Any CPU.ActiveCfg = Debug|Any CPU
		{46A10D2C-00E0-4E40-BA06-07A4D648886C}.Debug|Any CPU.Build.0 = Debug|Any CPU
		{46A10D2C-00E0-4E40-BA06-07A4D648886C}.Release|Any CPU.ActiveCfg = Release|Any CPU
		{46A10D2C-00E0-4E40-BA06-07A4D648886C}.Release|Any CPU.Build.0 = Release|Any CPU
	EndGlobalSection
EndGlobal
